
Microsoft Visual Studio Solution File, Format Version 12.00
# Visual Studio Version 17
VisualStudioVersion = 17.11.35312.102
MinimumVisualStudioVersion = 10.0.40219.1
Project("{FAE04EC0-301F-11D3-BF4B-00C04F79EFBC}") = "CourseProject", "CourseProject\CourseProject.csproj", "{02530F64-282D-46C6-A924-6FC352343BCC}"
EndProject
Global
	GlobalSection(SolutionConfigurationPlatforms) = preSolution
		Debug|Any CPU = Debug|Any CPU
		Release|Any CPU = Release|Any CPU
	EndGlobalSection
	GlobalSection(ProjectConfigurationPlatforms) = postSolution
		{02530F64-282D-46C6-A924-6FC352343BCC}.Debug|Any CPU.ActiveCfg = Debug|Any CPU
		{02530F64-282D-46C6-A924-6FC352343BCC}.Debug|Any CPU.Build.0 = Debug|Any CPU
		{02530F64-282D-46C6-A924-6FC352343BCC}.Release|Any CPU.ActiveCfg = Release|Any CPU
		{02530F64-282D-46C6-A924-6FC352343BCC}.Release|Any CPU.Build.0 = Release|Any CPU
	EndGlobalSection
	GlobalSection(SolutionProperties) = preSolution
		HideSolutionNode = FALSE
	EndGlobalSection
	GlobalSection(ExtensibilityGlobals) = postSolution
		SolutionGuid = {C5355F19-A310-407E-8FD2-61EA45792303}
	EndGlobalSection
EndGlobal
